// !$*UTF8*$!
{
	archiveVersion = 1;
	classes = {
	};
	objectVersion = 46;
	objects = {

/* Begin PBXBuildFile section */
		7D17ED591C67C06F00BB220D /* Main.storyboard in Resources */ = {isa = PBXBuildFile; fileRef = 7D17ED571C67C06F00BB220D /* Main.storyboard */; };
		7D17ED5B1C67C33D00BB220D /* RecordedAudio.swift in Sources */ = {isa = PBXBuildFile; fileRef = 7D17ED5A1C67C33D00BB220D /* RecordedAudio.swift */; };
		7D3D5E261C63D43E007618AD /* AppDelegate.swift in Sources */ = {isa = PBXBuildFile; fileRef = 7D3D5E251C63D43E007618AD /* AppDelegate.swift */; };
		7D3D5E281C63D43E007618AD /* ViewController.swift in Sources */ = {isa = PBXBuildFile; fileRef = 7D3D5E271C63D43E007618AD /* ViewController.swift */; };
		7D3D5E2D1C63D43E007618AD /* Assets.xcassets in Resources */ = {isa = PBXBuildFile; fileRef = 7D3D5E2C1C63D43E007618AD /* Assets.xcassets */; };
		7D3D5E301C63D43E007618AD /* LaunchScreen.storyboard in Resources */ = {isa = PBXBuildFile; fileRef = 7D3D5E2E1C63D43E007618AD /* LaunchScreen.storyboard */; };
		7D3D5E3B1C63D43E007618AD /* Pitch_PerfectTests.swift in Sources */ = {isa = PBXBuildFile; fileRef = 7D3D5E3A1C63D43E007618AD /* Pitch_PerfectTests.swift */; };
		7D3D5E461C63D43E007618AD /* Pitch_PerfectUITests.swift in Sources */ = {isa = PBXBuildFile; fileRef = 7D3D5E451C63D43E007618AD /* Pitch_PerfectUITests.swift */; };
		7D3D5E561C63D6A4007618AD /* recordViewController.swift in Sources */ = {isa = PBXBuildFile; fileRef = 7D3D5E551C63D6A4007618AD /* recordViewController.swift */; };
		7D5A2D3D1C65170D00159397 /* playSoundViewController.swift in Sources */ = {isa = PBXBuildFile; fileRef = 7D5A2D3C1C65170C00159397 /* playSoundViewController.swift */; };
		7D5A2D3F1C654CB300159397 /* movie_quote.mp3 in Resources */ = {isa = PBXBuildFile; fileRef = 7D5A2D3E1C654CB300159397 /* movie_quote.mp3 */; };
/* End PBXBuildFile section */

/* Begin PBXContainerItemProxy section */
		7D3D5E371C63D43E007618AD /* PBXContainerItemProxy */ = {
			isa = PBXContainerItemProxy;
			containerPortal = 7D3D5E1A1C63D43E007618AD /* Project object */;
			proxyType = 1;
			remoteGlobalIDString = 7D3D5E211C63D43E007618AD;
			remoteInfo = "Pitch Perfect";
		};
		7D3D5E421C63D43E007618AD /* PBXContainerItemProxy */ = {
			isa = PBXContainerItemProxy;
			containerPortal = 7D3D5E1A1C63D43E007618AD /* Project object */;
			proxyType = 1;
			remoteGlobalIDString = 7D3D5E211C63D43E007618AD;
			remoteInfo = "Pitch Perfect";
		};
/* End PBXContainerItemProxy section */

/* Begin PBXFileReference section */
		7D17ED581C67C06F00BB220D /* Base */ = {isa = PBXFileReference; lastKnownFileType = file.storyboard; name = Base; path = Base.lproj/Main.storyboard; sourceTree = "<group>"; };
		7D17ED5A1C67C33D00BB220D /* RecordedAudio.swift */ = {isa = PBXFileReference; fileEncoding = 4; lastKnownFileType = sourcecode.swift; path = RecordedAudio.swift; sourceTree = "<group>"; };
		7D3D5E221C63D43E007618AD /* Pitch Perfect.app */ = {isa = PBXFileReference; explicitFileType = wrapper.application; includeInIndex = 0; path = "Pitch Perfect.app"; sourceTree = BUILT_PRODUCTS_DIR; };
		7D3D5E251C63D43E007618AD /* AppDelegate.swift */ = {isa = PBXFileReference; lastKnownFileType = sourcecode.swift; path = AppDelegate.swift; sourceTree = "<group>"; };
		7D3D5E271C63D43E007618AD /* ViewController.swift */ = {isa = PBXFileReference; lastKnownFileType = sourcecode.swift; path = ViewController.swift; sourceTree = "<group>"; };
		7D3D5E2C1C63D43E007618AD /* Assets.xcassets */ = {isa = PBXFileReference; lastKnownFileType = folder.assetcatalog; path = Assets.xcassets; sourceTree = "<group>"; };
		7D3D5E2F1C63D43E007618AD /* Base */ = {isa = PBXFileReference; lastKnownFileType = file.storyboard; name = Base; path = Base.lproj/LaunchScreen.storyboard; sourceTree = "<group>"; };
		7D3D5E311C63D43E007618AD /* Info.plist */ = {isa = PBXFileReference; lastKnownFileType = text.plist.xml; path = Info.plist; sourceTree = "<group>"; };
		7D3D5E361C63D43E007618AD /* Pitch PerfectTests.xctest */ = {isa = PBXFileReference; explicitFileType = wrapper.cfbundle; includeInIndex = 0; path = "Pitch PerfectTests.xctest"; sourceTree = BUILT_PRODUCTS_DIR; };
		7D3D5E3A1C63D43E007618AD /* Pitch_PerfectTests.swift */ = {isa = PBXFileReference; lastKnownFileType = sourcecode.swift; path = Pitch_PerfectTests.swift; sourceTree = "<group>"; };
		7D3D5E3C1C63D43E007618AD /* Info.plist */ = {isa = PBXFileReference; lastKnownFileType = text.plist.xml; path = Info.plist; sourceTree = "<group>"; };
		7D3D5E411C63D43E007618AD /* Pitch PerfectUITests.xctest */ = {isa = PBXFileReference; explicitFileType = wrapper.cfbundle; includeInIndex = 0; path = "Pitch PerfectUITests.xctest"; sourceTree = BUILT_PRODUCTS_DIR; };
		7D3D5E451C63D43E007618AD /* Pitch_PerfectUITests.swift */ = {isa = PBXFileReference; lastKnownFileType = sourcecode.swift; path = Pitch_PerfectUITests.swift; sourceTree = "<group>"; };
		7D3D5E471C63D43E007618AD /* Info.plist */ = {isa = PBXFileReference; lastKnownFileType = text.plist.xml; path = Info.plist; sourceTree = "<group>"; };
		7D3D5E551C63D6A4007618AD /* recordViewController.swift */ = {isa = PBXFileReference; fileEncoding = 4; lastKnownFileType = sourcecode.swift; name = recordViewController.swift; path = ../recordViewController.swift; sourceTree = "<group>"; };
		7D5A2D3C1C65170C00159397 /* playSoundViewController.swift */ = {isa = PBXFileReference; fileEncoding = 4; lastKnownFileType = sourcecode.swift; path = playSoundViewController.swift; sourceTree = "<group>"; };
		7D5A2D3E1C654CB300159397 /* movie_quote.mp3 */ = {isa = PBXFileReference; lastKnownFileType = audio.mp3; path = movie_quote.mp3; sourceTree = "<group>"; };
/* End PBXFileReference section */

/* Begin PBXFrameworksBuildPhase section */
		7D3D5E1F1C63D43E007618AD /* Frameworks */ = {
			isa = PBXFrameworksBuildPhase;
			buildActionMask = 2147483647;
			files = (
			);
			runOnlyForDeploymentPostprocessing = 0;
		};
		7D3D5E331C63D43E007618AD /* Frameworks */ = {
			isa = PBXFrameworksBuildPhase;
			buildActionMask = 2147483647;
			files = (
			);
			runOnlyForDeploymentPostprocessing = 0;
		};
		7D3D5E3E1C63D43E007618AD /* Frameworks */ = {
			isa = PBXFrameworksBuildPhase;
			buildActionMask = 2147483647;
			files = (
			);
			runOnlyForDeploymentPostprocessing = 0;
		};
/* End PBXFrameworksBuildPhase section */

/* Begin PBXGroup section */
		7D3D5E191C63D43E007618AD = {
			isa = PBXGroup;
			children = (
				7D3D5E241C63D43E007618AD /* Pitch Perfect */,
				7D3D5E391C63D43E007618AD /* Pitch PerfectTests */,
				7D3D5E441C63D43E007618AD /* Pitch PerfectUITests */,
				7D3D5E231C63D43E007618AD /* Products */,
			);
			sourceTree = "<group>";
		};
		7D3D5E231C63D43E007618AD /* Products */ = {
			isa = PBXGroup;
			children = (
				7D3D5E221C63D43E007618AD /* Pitch Perfect.app */,
				7D3D5E361C63D43E007618AD /* Pitch PerfectTests.xctest */,
				7D3D5E411C63D43E007618AD /* Pitch PerfectUITests.xctest */,
			);
			name = Products;
			sourceTree = "<group>";
		};
		7D3D5E241C63D43E007618AD /* Pitch Perfect */ = {
			isa = PBXGroup;
			children = (
				7D3D5E251C63D43E007618AD /* AppDelegate.swift */,
				7D3D5E551C63D6A4007618AD /* recordViewController.swift */,
				7D17ED5A1C67C33D00BB220D /* RecordedAudio.swift */,
				7D3D5E271C63D43E007618AD /* ViewController.swift */,
				7D5A2D3C1C65170C00159397 /* playSoundViewController.swift */,
				7D17ED571C67C06F00BB220D /* Main.storyboard */,
				7D3D5E2C1C63D43E007618AD /* Assets.xcassets */,
				7D3D5E2E1C63D43E007618AD /* LaunchScreen.storyboard */,
				7D3D5E311C63D43E007618AD /* Info.plist */,
				7D5A2D3E1C654CB300159397 /* movie_quote.mp3 */,
			);
			path = "Pitch Perfect";
			sourceTree = "<group>";
		};
		7D3D5E391C63D43E007618AD /* Pitch PerfectTests */ = {
			isa = PBXGroup;
			children = (
				7D3D5E3A1C63D43E007618AD /* Pitch_PerfectTests.swift */,
				7D3D5E3C1C63D43E007618AD /* Info.plist */,
			);
			path = "Pitch PerfectTests";
			sourceTree = "<group>";
		};
		7D3D5E441C63D43E007618AD /* Pitch PerfectUITests */ = {
			isa = PBXGroup;
			children = (
				7D3D5E451C63D43E007618AD /* Pitch_PerfectUITests.swift */,
				7D3D5E471C63D43E007618AD /* Info.plist */,
			);
			path = "Pitch PerfectUITests";
			sourceTree = "<group>";
		};
/* End PBXGroup section */

/* Begin PBXNativeTarget section */
		7D3D5E211C63D43E007618AD /* Pitch Perfect */ = {
			isa = PBXNativeTarget;
			buildConfigurationList = 7D3D5E4A1C63D43E007618AD /* Build configuration list for PBXNativeTarget "Pitch Perfect" */;
			buildPhases = (
				7D3D5E1E1C63D43E007618AD /* Sources */,
				7D3D5E1F1C63D43E007618AD /* Frameworks */,
				7D3D5E201C63D43E007618AD /* Resources */,
			);
			buildRules = (
			);
			dependencies = (
			);
			name = "Pitch Perfect";
			productName = "Pitch Perfect";
			productReference = 7D3D5E221C63D43E007618AD /* Pitch Perfect.app */;
			productType = "com.apple.product-type.application";
		};
		7D3D5E351C63D43E007618AD /* Pitch PerfectTests */ = {
			isa = PBXNativeTarget;
			buildConfigurationList = 7D3D5E4D1C63D43E007618AD /* Build configuration list for PBXNativeTarget "Pitch PerfectTests" */;
			buildPhases = (
				7D3D5E321C63D43E007618AD /* Sources */,
				7D3D5E331C63D43E007618AD /* Frameworks */,
				7D3D5E341C63D43E007618AD /* Resources */,
			);
			buildRules = (
			);
			dependencies = (
				7D3D5E381C63D43E007618AD /* PBXTargetDependency */,
			);
			name = "Pitch PerfectTests";
			productName = "Pitch PerfectTests";
			productReference = 7D3D5E361C63D43E007618AD /* Pitch PerfectTests.xctest */;
			productType = "com.apple.product-type.bundle.unit-test";
		};
		7D3D5E401C63D43E007618AD /* Pitch PerfectUITests */ = {
			isa = PBXNativeTarget;
			buildConfigurationList = 7D3D5E501C63D43E007618AD /* Build configuration list for PBXNativeTarget "Pitch PerfectUITests" */;
			buildPhases = (
				7D3D5E3D1C63D43E007618AD /* Sources */,
				7D3D5E3E1C63D43E007618AD /* Frameworks */,
				7D3D5E3F1C63D43E007618AD /* Resources */,
			);
			buildRules = (
			);
			dependencies = (
				7D3D5E431C63D43E007618AD /* PBXTargetDependency */,
			);
			name = "Pitch PerfectUITests";
			productName = "Pitch PerfectUITests";
			productReference = 7D3D5E411C63D43E007618AD /* Pitch PerfectUITests.xctest */;
			productType = "com.apple.product-type.bundle.ui-testing";
		};
/* End PBXNativeTarget section */

/* Begin PBXProject section */
		7D3D5E1A1C63D43E007618AD /* Project object */ = {
			isa = PBXProject;
			attributes = {
				LastSwiftUpdateCheck = 0720;
				LastUpgradeCheck = 0720;
				ORGANIZATIONNAME = "Nathaniel PiSierra";
				TargetAttributes = {
					7D3D5E211C63D43E007618AD = {
						CreatedOnToolsVersion = 7.2;
						DevelopmentTeam = 9258A8T4HT;
					};
					7D3D5E351C63D43E007618AD = {
						CreatedOnToolsVersion = 7.2;
						DevelopmentTeam = 9258A8T4HT;
						TestTargetID = 7D3D5E211C63D43E007618AD;
					};
					7D3D5E401C63D43E007618AD = {
						CreatedOnToolsVersion = 7.2;
						DevelopmentTeam = 9258A8T4HT;
						TestTargetID = 7D3D5E211C63D43E007618AD;
					};
				};
			};
			buildConfigurationList = 7D3D5E1D1C63D43E007618AD /* Build configuration list for PBXProject "Pitch Perfect" */;
			compatibilityVersion = "Xcode 3.2";
			developmentRegion = English;
			hasScannedForEncodings = 0;
			knownRegions = (
				en,
				Base,
			);
			mainGroup = 7D3D5E191C63D43E007618AD;
			productRefGroup = 7D3D5E231C63D43E007618AD /* Products */;
			projectDirPath = "";
			projectRoot = "";
			targets = (
				7D3D5E211C63D43E007618AD /* Pitch Perfect */,
				7D3D5E351C63D43E007618AD /* Pitch PerfectTests */,
				7D3D5E401C63D43E007618AD /* Pitch PerfectUITests */,
			);
		};
/* End PBXProject section */

/* Begin PBXResourcesBuildPhase section */
		7D3D5E201C63D43E007618AD /* Resources */ = {
			isa = PBXResourcesBuildPhase;
			buildActionMask = 2147483647;
			files = (
				7D3D5E301C63D43E007618AD /* LaunchScreen.storyboard in Resources */,
				7D3D5E2D1C63D43E007618AD /* Assets.xcassets in Resources */,
				7D5A2D3F1C654CB300159397 /* movie_quote.mp3 in Resources */,
				7D17ED591C67C06F00BB220D /* Main.storyboard in Resources */,
			);
			runOnlyForDeploymentPostprocessing = 0;
		};
		7D3D5E341C63D43E007618AD /* Resources */ = {
			isa = PBXResourcesBuildPhase;
			buildActionMask = 2147483647;
			files = (
			);
			runOnlyForDeploymentPostprocessing = 0;
		};
		7D3D5E3F1C63D43E007618AD /* Resources */ = {
			isa = PBXResourcesBuildPhase;
			buildActionMask = 2147483647;
			files = (
			);
			runOnlyForDeploymentPostprocessing = 0;
		};
/* End PBXResourcesBuildPhase section */

/* Begin PBXSourcesBuildPhase section */
		7D3D5E1E1C63D43E007618AD /* Sources */ = {
			isa = PBXSourcesBuildPhase;
			buildActionMask = 2147483647;
			files = (
				7D3D5E281C63D43E007618AD /* ViewController.swift in Sources */,
				7D3D5E261C63D43E007618AD /* AppDelegate.swift in Sources */,
				7D5A2D3D1C65170D00159397 /* playSoundViewController.swift in Sources */,
				7D3D5E561C63D6A4007618AD /* recordViewController.swift in Sources */,
				7D17ED5B1C67C33D00BB220D /* RecordedAudio.swift in Sources */,
			);
			runOnlyForDeploymentPostprocessing = 0;
		};
		7D3D5E321C63D43E007618AD /* Sources */ = {
			isa = PBXSourcesBuildPhase;
			buildActionMask = 2147483647;
			files = (
				7D3D5E3B1C63D43E007618AD /* Pitch_PerfectTests.swift in Sources */,
			);
			runOnlyForDeploymentPostprocessing = 0;
		};
		7D3D5E3D1C63D43E007618AD /* Sources */ = {
			isa = PBXSourcesBuildPhase;
			buildActionMask = 2147483647;
			files = (
				7D3D5E461C63D43E007618AD /* Pitch_PerfectUITests.swift in Sources */,
			);
			runOnlyForDeploymentPostprocessing = 0;
		};
/* End PBXSourcesBuildPhase section */

/* Begin PBXTargetDependency section */
		7D3D5E381C63D43E007618AD /* PBXTargetDependency */ = {
			isa = PBXTargetDependency;
			target = 7D3D5E211C63D43E007618AD /* Pitch Perfect */;
			targetProxy = 7D3D5E371C63D43E007618AD /* PBXContainerItemProxy */;
		};
		7D3D5E431C63D43E007618AD /* PBXTargetDependency */ = {
			isa = PBXTargetDependency;
			target = 7D3D5E211C63D43E007618AD /* Pitch Perfect */;
			targetProxy = 7D3D5E421C63D43E007618AD /* PBXContainerItemProxy */;
		};
/* End PBXTargetDependency section */

/* Begin PBXVariantGroup section */
		7D17ED571C67C06F00BB220D /* Main.storyboard */ = {
			isa = PBXVariantGroup;
			children = (
				7D17ED581C67C06F00BB220D /* Base */,
			);
			name = Main.storyboard;
			sourceTree = "<group>";
		};
		7D3D5E2E1C63D43E007618AD /* LaunchScreen.storyboard */ = {
			isa = PBXVariantGroup;
			children = (
				7D3D5E2F1C63D43E007618AD /* Base */,
			);
			name = LaunchScreen.storyboard;
			sourceTree = "<group>";
		};
/* End PBXVariantGroup section */

/* Begin XCBuildConfiguration section */
		7D3D5E481C63D43E007618AD /* Debug */ = {
			isa = XCBuildConfiguration;
			buildSettings = {
				ALWAYS_SEARCH_USER_PATHS = NO;
				CLANG_CXX_LANGUAGE_STANDARD = "gnu++0x";
				CLANG_CXX_LIBRARY = "libc++";
				CLANG_ENABLE_MODULES = YES;
				CLANG_ENABLE_OBJC_ARC = YES;
				CLANG_WARN_BOOL_CONVERSION = YES;
				CLANG_WARN_CONSTANT_CONVERSION = YES;
				CLANG_WARN_DIRECT_OBJC_ISA_USAGE = YES_ERROR;
				CLANG_WARN_EMPTY_BODY = YES;
				CLANG_WARN_ENUM_CONVERSION = YES;
				CLANG_WARN_INT_CONVERSION = YES;
				CLANG_WARN_OBJC_ROOT_CLASS = YES_ERROR;
				CLANG_WARN_UNREACHABLE_CODE = YES;
				CLANG_WARN__DUPLICATE_METHOD_MATCH = YES;
				"CODE_SIGN_IDENTITY[sdk=iphoneos*]" = "iPhone Developer";
				COPY_PHASE_STRIP = NO;
				DEBUG_INFORMATION_FORMAT = dwarf;
				ENABLE_STRICT_OBJC_MSGSEND = YES;
				ENABLE_TESTABILITY = YES;
				GCC_C_LANGUAGE_STANDARD = gnu99;
				GCC_DYNAMIC_NO_PIC = NO;
				GCC_NO_COMMON_BLOCKS = YES;
				GCC_OPTIMIZATION_LEVEL = 0;
				GCC_PREPROCESSOR_DEFINITIONS = (
					"DEBUG=1",
					"$(inherited)",
				);
				GCC_WARN_64_TO_32_BIT_CONVERSION = YES;
				GCC_WARN_ABOUT_RETURN_TYPE = YES_ERROR;
				GCC_WARN_UNDECLARED_SELECTOR = YES;
				GCC_WARN_UNINITIALIZED_AUTOS = YES_AGGRESSIVE;
				GCC_WARN_UNUSED_FUNCTION = YES;
				GCC_WARN_UNUSED_VARIABLE = YES;
				IPHONEOS_DEPLOYMENT_TARGET = 9.2;
				MTL_ENABLE_DEBUG_INFO = YES;
				ONLY_ACTIVE_ARCH = YES;
				SDKROOT = iphoneos;
				SWIFT_OPTIMIZATION_LEVEL = "-Onone";
			};
			name = Debug;
		};
		7D3D5E491C63D43E007618AD /* Release */ = {
			isa = XCBuildConfiguration;
			buildSettings = {
				ALWAYS_SEARCH_USER_PATHS = NO;
				CLANG_CXX_LANGUAGE_STANDARD = "gnu++0x";
				CLANG_CXX_LIBRARY = "libc++";
				CLANG_ENABLE_MODULES = YES;
				CLANG_ENABLE_OBJC_ARC = YES;
				CLANG_WARN_BOOL_CONVERSION = YES;
				CLANG_WARN_CONSTANT_CONVERSION = YES;
				CLANG_WARN_DIRECT_OBJC_ISA_USAGE = YES_ERROR;
				CLANG_WARN_EMPTY_BODY = YES;
				CLANG_WARN_ENUM_CONVERSION = YES;
				CLANG_WARN_INT_CONVERSION = YES;
				CLANG_WARN_OBJC_ROOT_CLASS = YES_ERROR;
				CLANG_WARN_UNREACHABLE_CODE = YES;
				CLANG_WARN__DUPLICATE_METHOD_MATCH = YES;
				"CODE_SIGN_IDENTITY[sdk=iphoneos*]" = "iPhone Developer";
				COPY_PHASE_STRIP = NO;
				DEBUG_INFORMATION_FORMAT = "dwarf-with-dsym";
				ENABLE_NS_ASSERTIONS = NO;
				ENABLE_STRICT_OBJC_MSGSEND = YES;
				GCC_C_LANGUAGE_STANDARD = gnu99;
				GCC_NO_COMMON_BLOCKS = YES;
				GCC_WARN_64_TO_32_BIT_CONVERSION = YES;
				GCC_WARN_ABOUT_RETURN_TYPE = YES_ERROR;
				GCC_WARN_UNDECLARED_SELECTOR = YES;
				GCC_WARN_UNINITIALIZED_AUTOS = YES_AGGRESSIVE;
				GCC_WARN_UNUSED_FUNCTION = YES;
				GCC_WARN_UNUSED_VARIABLE = YES;
				IPHONEOS_DEPLOYMENT_TARGET = 9.2;
				MTL_ENABLE_DEBUG_INFO = NO;
				SDKROOT = iphoneos;
				VALIDATE_PRODUCT = YES;
			};
			name = Release;
		};
		7D3D5E4B1C63D43E007618AD /* Debug */ = {
			isa = XCBuildConfiguration;
			buildSettings = {
				ASSETCATALOG_COMPILER_APPICON_NAME = AppIcon;
				INFOPLIST_FILE = "Pitch Perfect/Info.plist";
				LD_RUNPATH_SEARCH_PATHS = "$(inherited) @executable_path/Frameworks";
				PRODUCT_BUNDLE_IDENTIFIER = "Appsolutely.Pitch-Perfect";
				PRODUCT_NAME = "$(TARGET_NAME)";
			};
			name = Debug;
		};
		7D3D5E4C1C63D43E007618AD /* Release */ = {
			isa = XCBuildConfiguration;
			buildSettings = {
				ASSETCATALOG_COMPILER_APPICON_NAME = AppIcon;
				INFOPLIST_FILE = "Pitch Perfect/Info.plist";
				LD_RUNPATH_SEARCH_PATHS = "$(inherited) @executable_path/Frameworks";
				PRODUCT_BUNDLE_IDENTIFIER = "Appsolutely.Pitch-Perfect";
				PRODUCT_NAME = "$(TARGET_NAME)";
			};
			name = Release;
		};
		7D3D5E4E1C63D43E007618AD /* Debug */ = {
			isa = XCBuildConfiguration;
			buildSettings = {
				BUNDLE_LOADER = "$(TEST_HOST)";
				INFOPLIST_FILE = "Pitch PerfectTests/Info.plist";
				LD_RUNPATH_SEARCH_PATHS = "$(inherited) @executable_path/Frameworks @loader_path/Frameworks";
				PRODUCT_BUNDLE_IDENTIFIER = "Appsolutely.Pitch-PerfectTests";
				PRODUCT_NAME = "$(TARGET_NAME)";
				TEST_HOST = "$(BUILT_PRODUCTS_DIR)/Pitch Perfect.app/Pitch Perfect";
			};
			name = Debug;
		};
		7D3D5E4F1C63D43E007618AD /* Release */ = {
			isa = XCBuildConfiguration;
			buildSettings = {
				BUNDLE_LOADER = "$(TEST_HOST)";
				INFOPLIST_FILE = "Pitch PerfectTests/Info.plist";
				LD_RUNPATH_SEARCH_PATHS = "$(inherited) @executable_path/Frameworks @loader_path/Frameworks";
				PRODUCT_BUNDLE_IDENTIFIER = "Appsolutely.Pitch-PerfectTests";
				PRODUCT_NAME = "$(TARGET_NAME)";
				TEST_HOST = "$(BUILT_PRODUCTS_DIR)/Pitch Perfect.app/Pitch Perfect";
			};
			name = Release;
		};
		7D3D5E511C63D43E007618AD /* Debug */ = {
			isa = XCBuildConfiguration;
			buildSettings = {
				INFOPLIST_FILE = "Pitch PerfectUITests/Info.plist";
				LD_RUNPATH_SEARCH_PATHS = "$(inherited) @executable_path/Frameworks @loader_path/Frameworks";
				PRODUCT_BUNDLE_IDENTIFIER = "Appsolutely.Pitch-PerfectUITests";
				PRODUCT_NAME = "$(TARGET_NAME)";
				TEST_TARGET_NAME = "Pitch Perfect";
				USES_XCTRUNNER = YES;
			};
			name = Debug;
		};
		7D3D5E521C63D43E007618AD /* Release */ = {
			isa = XCBuildConfiguration;
			buildSettings = {
				INFOPLIST_FILE = "Pitch PerfectUITests/Info.plist";
				LD_RUNPATH_SEARCH_PATHS = "$(inherited) @executable_path/Frameworks @loader_path/Frameworks";
				PRODUCT_BUNDLE_IDENTIFIER = "Appsolutely.Pitch-PerfectUITests";
				PRODUCT_NAME = "$(TARGET_NAME)";
				TEST_TARGET_NAME = "Pitch Perfect";
				USES_XCTRUNNER = YES;
			};
			name = Release;
		};
/* End XCBuildConfiguration section */

/* Begin XCConfigurationList section */
		7D3D5E1D1C63D43E007618AD /* Build configuration list for PBXProject "Pitch Perfect" */ = {
			isa = XCConfigurationList;
			buildConfigurations = (
				7D3D5E481C63D43E007618AD /* Debug */,
				7D3D5E491C63D43E007618AD /* Release */,
			);
			defaultConfigurationIsVisible = 0;
			defaultConfigurationName = Release;
		};
		7D3D5E4A1C63D43E007618AD /* Build configuration list for PBXNativeTarget "Pitch Perfect" */ = {
			isa = XCConfigurationList;
			buildConfigurations = (
				7D3D5E4B1C63D43E007618AD /* Debug */,
				7D3D5E4C1C63D43E007618AD /* Release */,
			);
			defaultConfigurationIsVisible = 0;
			defaultConfigurationName = Release;
		};
		7D3D5E4D1C63D43E007618AD /* Build configuration list for PBXNativeTarget "Pitch PerfectTests" */ = {
			isa = XCConfigurationList;
			buildConfigurations = (
				7D3D5E4E1C63D43E007618AD /* Debug */,
				7D3D5E4F1C63D43E007618AD /* Release */,
			);
			defaultConfigurationIsVisible = 0;
			defaultConfigurationName = Release;
		};
		7D3D5E501C63D43E007618AD /* Build configuration list for PBXNativeTarget "Pitch PerfectUITests" */ = {
			isa = XCConfigurationList;
			buildConfigurations = (
				7D3D5E511C63D43E007618AD /* Debug */,
				7D3D5E521C63D43E007618AD /* Release */,
			);
			defaultConfigurationIsVisible = 0;
			defaultConfigurationName = Release;
		};
/* End XCConfigurationList section */
	};
	rootObject = 7D3D5E1A1C63D43E007618AD /* Project object */;
}
